
Microsoft Visual Studio Solution File, Format Version 12.00
# Visual Studio Version 16
VisualStudioVersion = 16.0.31424.327
MinimumVisualStudioVersion = 10.0.40219.1
Project("{FAE04EC0-301F-11D3-BF4B-00C04F79EFBC}") = "FinalProject", "FinalProject\FinalProject.csproj", "{11572288-CB51-4611-91EC-6EF02FAF7893}"
EndProject
Global
	GlobalSection(SolutionConfigurationPlatforms) = preSolution
		Debug|Any CPU = Debug|Any CPU
		Release|Any CPU = Release|Any CPU
	EndGlobalSection
	GlobalSection(ProjectConfigurationPlatforms) = postSolution
		{11572288-CB51-4611-91EC-6EF02FAF7893}.Debug|Any CPU.ActiveCfg = Debug|Any CPU
		{11572288-CB51-4611-91EC-6EF02FAF7893}.Debug|Any CPU.Build.0 = Debug|Any CPU
		{11572288-CB51-4611-91EC-6EF02FAF7893}.Release|Any CPU.ActiveCfg = Release|Any CPU
		{11572288-CB51-4611-91EC-6EF02FAF7893}.Release|Any CPU.Build.0 = Release|Any CPU
	EndGlobalSection
	GlobalSection(SolutionProperties) = preSolution
		HideSolutionNode = FALSE
	EndGlobalSection
	GlobalSection(ExtensibilityGlobals) = postSolution
		SolutionGuid = {26096132-C1DE-4BCE-9C4B-88C4055A089F}
	EndGlobalSection
EndGlobal
